
Microsoft Visual Studio Solution File, Format Version 12.00
# Visual Studio Version 16
VisualStudioVersion = 16.0.29001.49
MinimumVisualStudioVersion = 10.0.40219.1
Project("{8BC9CEB8-8B4A-11D0-8D11-00A0C91BC942}") = "APIHook", "APIHook\APIHook.vcxproj", "{C0A71FE1-B660-43D5-BF2B-1787BE66ACAF}"
EndProject
Project("{8BC9CEB8-8B4A-11D0-8D11-00A0C91BC942}") = "APIHookInjectDLL", "APIHookInjectDLL\APIHookInjectDLL.vcxproj", "{336D7F3D-0407-4629-9B19-715E43709F5F}"
EndProject
Global
	GlobalSection(SolutionConfigurationPlatforms) = preSolution
		Debug|x64 = Debug|x64
		Release|x64 = Release|x64
	EndGlobalSection
	GlobalSection(ProjectConfigurationPlatforms) = postSolution
		{C0A71FE1-B660-43D5-BF2B-1787BE66ACAF}.Debug|x64.ActiveCfg = Debug|x64
		{C0A71FE1-B660-43D5-BF2B-1787BE66ACAF}.Debug|x64.Build.0 = Debug|x64
		{C0A71FE1-B660-43D5-BF2B-1787BE66ACAF}.Release|x64.ActiveCfg = Release|x64
		{C0A71FE1-B660-43D5-BF2B-1787BE66ACAF}.Release|x64.Build.0 = Release|x64
		{336D7F3D-0407-4629-9B19-715E43709F5F}.Debug|x64.ActiveCfg = Debug|x64
		{336D7F3D-0407-4629-9B19-715E43709F5F}.Debug|x64.Build.0 = Debug|x64
		{336D7F3D-0407-4629-9B19-715E43709F5F}.Release|x64.ActiveCfg = Release|x64
		{336D7F3D-0407-4629-9B19-715E43709F5F}.Release|x64.Build.0 = Release|x64
	EndGlobalSection
	GlobalSection(SolutionProperties) = preSolution
		HideSolutionNode = FALSE
	EndGlobalSection
	GlobalSection(ExtensibilityGlobals) = postSolution
		SolutionGuid = {6380CDD5-97E6-4AC8-B8B7-C034CD86B9F8}
	EndGlobalSection
EndGlobal
